{
  "name": "vibe-reader-aimock-stub",
  "lockfileVersion": 3,
  "requires": true,
  "packages": {
    "": {
      "name": "vibe-reader-aimock-stub",
      "dependencies": {
        "@copilotkit/aimock": "1.27.1"
      }
    },
    "node_modules/@copilotkit/aimock": {
      "version": "1.27.1",
      "resolved": "https://registry.npmjs.org/@copilotkit/aimock/-/aimock-1.27.1.tgz",
      "integrity": "sha512-fDyJ5EXpjMKONTFJnpiBojCrXlZEDBTfUfne6xQQbNFHYbZ12rqrcAur4krQ56RJ0Ef22kCWTVTqBKFO9Gb8WQ==",
      "license": "MIT",
      "bin": {
        "aimock": "dist/aimock-cli.js",
        "llmock": "dist/cli.js"
      },
      "engines": {
        "node": ">=24.0.0"
      },
      "peerDependencies": {
        "jest": ">=29",
        "vitest": ">=3"
      },
      "peerDependenciesMeta": {
        "jest": {
          "optional": true
        },
        "vitest": {
          "optional": true
        }
      }
    }
  }
}
